Microsoft Visual Studio Solution File, Format Version 12.00
# Visual Studio Version 17
VisualStudioVersion = 17.5.2.0
MinimumVisualStudioVersion = 10.0.40219.1
Project("{9A19103F-16F7-4668-BE54-9A1E7A4F7556}") = "EstruturaFesta", "EstruturaFesta.csproj", "{0B93D259-CE6B-DDFE-CE8D-1D0DDBA937D3}"
EndProject
Project("{FAE04EC0-301F-11D3-BF4B-00C04F79EFBC}") = "EstruturaFesta.Data", "..\EstruturaFesta.Data\EstruturaFesta.Data.csproj", "{541CFF61-2533-4A63-BF30-AA53A7ACD9C2}"
EndProject
Project("{FAE04EC0-301F-11D3-BF4B-00C04F79EFBC}") = "EstruturaFesta.Migrations", "..\EstruturaFesta.Migrations\EstruturaFesta.Migrations.csproj", "{93D8103D-D9C0-44C6-9553-3E664FB00961}"
EndProject
Global
	GlobalSection(SolutionConfigurationPlatforms) = preSolution
		Debug|Any CPU = Debug|Any CPU
		Release|Any CPU = Release|Any CPU
	EndGlobalSection
	GlobalSection(ProjectConfigurationPlatforms) = postSolution
		{0B93D259-CE6B-DDFE-CE8D-1D0DDBA937D3}.Debug|Any CPU.ActiveCfg = Debug|Any CPU
		{0B93D259-CE6B-DDFE-CE8D-1D0DDBA937D3}.Debug|Any CPU.Build.0 = Debug|Any CPU
		{0B93D259-CE6B-DDFE-CE8D-1D0DDBA937D3}.Release|Any CPU.ActiveCfg = Release|Any CPU
		{0B93D259-CE6B-DDFE-CE8D-1D0DDBA937D3}.Release|Any CPU.Build.0 = Release|Any CPU
		{541CFF61-2533-4A63-BF30-AA53A7ACD9C2}.Debug|Any CPU.ActiveCfg = Debug|Any CPU
		{541CFF61-2533-4A63-BF30-AA53A7ACD9C2}.Debug|Any CPU.Build.0 = Debug|Any CPU
		{541CFF61-2533-4A63-BF30-AA53A7ACD9C2}.Release|Any CPU.ActiveCfg = Release|Any CPU
		{541CFF61-2533-4A63-BF30-AA53A7ACD9C2}.Release|Any CPU.Build.0 = Release|Any CPU
		{93D8103D-D9C0-44C6-9553-3E664FB00961}.Debug|Any CPU.ActiveCfg = Debug|Any CPU
		{93D8103D-D9C0-44C6-9553-3E664FB00961}.Debug|Any CPU.Build.0 = Debug|Any CPU
		{93D8103D-D9C0-44C6-9553-3E664FB00961}.Release|Any CPU.ActiveCfg = Release|Any CPU
		{93D8103D-D9C0-44C6-9553-3E664FB00961}.Release|Any CPU.Build.0 = Release|Any CPU
	EndGlobalSection
	GlobalSection(SolutionProperties) = preSolution
		HideSolutionNode = FALSE
	EndGlobalSection
	GlobalSection(ExtensibilityGlobals) = postSolution
		SolutionGuid = {07D8C67A-2FEC-4835-9F91-0C77775E4BE0}
	EndGlobalSection
EndGlobal
